
Microsoft Visual Studio Solution File, Format Version 12.00
# Visual Studio Version 16
VisualStudioVersion = 16.0.29613.14
MinimumVisualStudioVersion = 10.0.40219.1
Project("{9A19103F-16F7-4668-BE54-9A1E7A4F7556}") = "WPFDemo", "WPFDemo.csproj", "{9232DF60-9182-43FE-831D-C8976D5C6CB4}"
EndProject
Project("{2150E333-8FDC-42A3-9474-1A3956D46DE8}") = "Views", "Views", "{B563C470-A62D-48C3-BE3A-019CD5CFF8B7}"
EndProject
Project("{2150E333-8FDC-42A3-9474-1A3956D46DE8}") = "ViewModels", "ViewModels", "{96A56F9E-F687-40BB-BE62-E579F448AF32}"
EndProject
Project("{9A19103F-16F7-4668-BE54-9A1E7A4F7556}") = "PluginDemo", "plugins\PluginDemo\PluginDemo.csproj", "{FFB576C0-8326-45B2-AD5B-C095564D1794}"
EndProject
Project("{9A19103F-16F7-4668-BE54-9A1E7A4F7556}") = "WinformWrapper", "plugins\WinformWrapper\WinformWrapper.csproj", "{A5566E0D-2651-4424-BF74-79C26BCD1940}"
EndProject
Project("{FAE04EC0-301F-11D3-BF4B-00C04F79EFBC}") = "WPFDemo.Infrastructure", "plugins\WPFDemo.Infrastructure\WPFDemo.Infrastructure.csproj", "{56F806C9-870C-43C7-8C5B-27A01BF72D26}"
EndProject
Global
	GlobalSection(SolutionConfigurationPlatforms) = preSolution
		Debug|Any CPU = Debug|Any CPU
		Release|Any CPU = Release|Any CPU
	EndGlobalSection
	GlobalSection(ProjectConfigurationPlatforms) = postSolution
		{9232DF60-9182-43FE-831D-C8976D5C6CB4}.Debug|Any CPU.ActiveCfg = Debug|Any CPU
		{9232DF60-9182-43FE-831D-C8976D5C6CB4}.Debug|Any CPU.Build.0 = Debug|Any CPU
		{9232DF60-9182-43FE-831D-C8976D5C6CB4}.Release|Any CPU.ActiveCfg = Release|Any CPU
		{9232DF60-9182-43FE-831D-C8976D5C6CB4}.Release|Any CPU.Build.0 = Release|Any CPU
		{FFB576C0-8326-45B2-AD5B-C095564D1794}.Debug|Any CPU.ActiveCfg = Debug|Any CPU
		{FFB576C0-8326-45B2-AD5B-C095564D1794}.Debug|Any CPU.Build.0 = Debug|Any CPU
		{FFB576C0-8326-45B2-AD5B-C095564D1794}.Release|Any CPU.ActiveCfg = Release|Any CPU
		{FFB576C0-8326-45B2-AD5B-C095564D1794}.Release|Any CPU.Build.0 = Release|Any CPU
		{A5566E0D-2651-4424-BF74-79C26BCD1940}.Debug|Any CPU.ActiveCfg = Debug|Any CPU
		{A5566E0D-2651-4424-BF74-79C26BCD1940}.Debug|Any CPU.Build.0 = Debug|Any CPU
		{A5566E0D-2651-4424-BF74-79C26BCD1940}.Release|Any CPU.ActiveCfg = Release|Any CPU
		{A5566E0D-2651-4424-BF74-79C26BCD1940}.Release|Any CPU.Build.0 = Release|Any CPU
		{56F806C9-870C-43C7-8C5B-27A01BF72D26}.Debug|Any CPU.ActiveCfg = Debug|Any CPU
		{56F806C9-870C-43C7-8C5B-27A01BF72D26}.Debug|Any CPU.Build.0 = Debug|Any CPU
		{56F806C9-870C-43C7-8C5B-27A01BF72D26}.Release|Any CPU.ActiveCfg = Release|Any CPU
		{56F806C9-870C-43C7-8C5B-27A01BF72D26}.Release|Any CPU.Build.0 = Release|Any CPU
	EndGlobalSection
	GlobalSection(SolutionProperties) = preSolution
		HideSolutionNode = FALSE
	EndGlobalSection
	GlobalSection(NestedProjects) = preSolution
		{FFB576C0-8326-45B2-AD5B-C095564D1794} = {B563C470-A62D-48C3-BE3A-019CD5CFF8B7}
		{A5566E0D-2651-4424-BF74-79C26BCD1940} = {B563C470-A62D-48C3-BE3A-019CD5CFF8B7}
		{56F806C9-870C-43C7-8C5B-27A01BF72D26} = {B563C470-A62D-48C3-BE3A-019CD5CFF8B7}
	EndGlobalSection
	GlobalSection(ExtensibilityGlobals) = postSolution
		SolutionGuid = {25D82954-DEBD-48AB-8586-D638F70AC2DA}
	EndGlobalSection
EndGlobal
